// !$*UTF8*$!
{
	archiveVersion = 1;
	classes = {
	};
	objectVersion = 46;
	objects = {

/* Begin PBXBuildFile section */
		53057D1B1997B03F0082EC58 /* AppDelegate.swift in Sources */ = {isa = PBXBuildFile; fileRef = 53057D1A1997B03F0082EC58 /* AppDelegate.swift */; };
		53057D1E1997B03F0082EC58 /* MensagemAlerta.xcdatamodeld in Sources */ = {isa = PBXBuildFile; fileRef = 53057D1C1997B03F0082EC58 /* MensagemAlerta.xcdatamodeld */; };
		53057D201997B03F0082EC58 /* ViewController.swift in Sources */ = {isa = PBXBuildFile; fileRef = 53057D1F1997B03F0082EC58 /* ViewController.swift */; };
		53057D231997B03F0082EC58 /* Main.storyboard in Resources */ = {isa = PBXBuildFile; fileRef = 53057D211997B03F0082EC58 /* Main.storyboard */; };
		53057D251997B03F0082EC58 /* Images.xcassets in Resources */ = {isa = PBXBuildFile; fileRef = 53057D241997B03F0082EC58 /* Images.xcassets */; };
		53057D311997B03F0082EC58 /* MensagemAlertaTests.swift in Sources */ = {isa = PBXBuildFile; fileRef = 53057D301997B03F0082EC58 /* MensagemAlertaTests.swift */; };
/* End PBXBuildFile section */

/* Begin PBXContainerItemProxy section */
		53057D2B1997B03F0082EC58 /* PBXContainerItemProxy */ = {
			isa = PBXContainerItemProxy;
			containerPortal = 53057D0D1997B03F0082EC58 /* Project object */;
			proxyType = 1;
			remoteGlobalIDString = 53057D141997B03F0082EC58;
			remoteInfo = MensagemAlerta;
		};
/* End PBXContainerItemProxy section */

/* Begin PBXFileReference section */
		53057D151997B03F0082EC58 /* MensagemAlerta.app */ = {isa = PBXFileReference; explicitFileType = wrapper.application; includeInIndex = 0; path = MensagemAlerta.app; sourceTree = BUILT_PRODUCTS_DIR; };
		53057D191997B03F0082EC58 /* Info.plist */ = {isa = PBXFileReference; lastKnownFileType = text.plist.xml; path = Info.plist; sourceTree = "<group>"; };
		53057D1A1997B03F0082EC58 /* AppDelegate.swift */ = {isa = PBXFileReference; lastKnownFileType = sourcecode.swift; path = AppDelegate.swift; sourceTree = "<group>"; };
		53057D1D1997B03F0082EC58 /* MensagemAlerta.xcdatamodel */ = {isa = PBXFileReference; lastKnownFileType = wrapper.xcdatamodel; path = MensagemAlerta.xcdatamodel; sourceTree = "<group>"; };
		53057D1F1997B03F0082EC58 /* ViewController.swift */ = {isa = PBXFileReference; lastKnownFileType = sourcecode.swift; path = ViewController.swift; sourceTree = "<group>"; };
		53057D221997B03F0082EC58 /* Base */ = {isa = PBXFileReference; lastKnownFileType = file.storyboard; name = Base; path = Base.lproj/Main.storyboard; sourceTree = "<group>"; };
		53057D241997B03F0082EC58 /* Images.xcassets */ = {isa = PBXFileReference; lastKnownFileType = folder.assetcatalog; path = Images.xcassets; sourceTree = "<group>"; };
		53057D2A1997B03F0082EC58 /* MensagemAlertaTests.xctest */ = {isa = PBXFileReference; explicitFileType = wrapper.cfbundle; includeInIndex = 0; path = MensagemAlertaTests.xctest; sourceTree = BUILT_PRODUCTS_DIR; };
		53057D2F1997B03F0082EC58 /* Info.plist */ = {isa = PBXFileReference; lastKnownFileType = text.plist.xml; path = Info.plist; sourceTree = "<group>"; };
		53057D301997B03F0082EC58 /* MensagemAlertaTests.swift */ = {isa = PBXFileReference; lastKnownFileType = sourcecode.swift; path = MensagemAlertaTests.swift; sourceTree = "<group>"; };
/* End PBXFileReference section */

/* Begin PBXFrameworksBuildPhase section */
		53057D121997B03F0082EC58 /* Frameworks */ = {
			isa = PBXFrameworksBuildPhase;
			buildActionMask = 2147483647;
			files = (
			);
			runOnlyForDeploymentPostprocessing = 0;
		};
		53057D271997B03F0082EC58 /* Frameworks */ = {
			isa = PBXFrameworksBuildPhase;
			buildActionMask = 2147483647;
			files = (
			);
			runOnlyForDeploymentPostprocessing = 0;
		};
/* End PBXFrameworksBuildPhase section */

/* Begin PBXGroup section */
		53057D0C1997B03F0082EC58 = {
			isa = PBXGroup;
			children = (
				53057D171997B03F0082EC58 /* MensagemAlerta */,
				53057D2D1997B03F0082EC58 /* MensagemAlertaTests */,
				53057D161997B03F0082EC58 /* Products */,
			);
			sourceTree = "<group>";
		};
		53057D161997B03F0082EC58 /* Products */ = {
			isa = PBXGroup;
			children = (
				53057D151997B03F0082EC58 /* MensagemAlerta.app */,
				53057D2A1997B03F0082EC58 /* MensagemAlertaTests.xctest */,
			);
			name = Products;
			sourceTree = "<group>";
		};
		53057D171997B03F0082EC58 /* MensagemAlerta */ = {
			isa = PBXGroup;
			children = (
				53057D1A1997B03F0082EC58 /* AppDelegate.swift */,
				53057D1F1997B03F0082EC58 /* ViewController.swift */,
				53057D211997B03F0082EC58 /* Main.storyboard */,
				53057D241997B03F0082EC58 /* Images.xcassets */,
				53057D1C1997B03F0082EC58 /* MensagemAlerta.xcdatamodeld */,
				53057D181997B03F0082EC58 /* Supporting Files */,
			);
			path = MensagemAlerta;
			sourceTree = "<group>";
		};
		53057D181997B03F0082EC58 /* Supporting Files */ = {
			isa = PBXGroup;
			children = (
				53057D191997B03F0082EC58 /* Info.plist */,
			);
			name = "Supporting Files";
			sourceTree = "<group>";
		};
		53057D2D1997B03F0082EC58 /* MensagemAlertaTests */ = {
			isa = PBXGroup;
			children = (
				53057D301997B03F0082EC58 /* MensagemAlertaTests.swift */,
				53057D2E1997B03F0082EC58 /* Supporting Files */,
			);
			path = MensagemAlertaTests;
			sourceTree = "<group>";
		};
		53057D2E1997B03F0082EC58 /* Supporting Files */ = {
			isa = PBXGroup;
			children = (
				53057D2F1997B03F0082EC58 /* Info.plist */,
			);
			name = "Supporting Files";
			sourceTree = "<group>";
		};
/* End PBXGroup section */

/* Begin PBXNativeTarget section */
		53057D141997B03F0082EC58 /* MensagemAlerta */ = {
			isa = PBXNativeTarget;
			buildConfigurationList = 53057D341997B03F0082EC58 /* Build configuration list for PBXNativeTarget "MensagemAlerta" */;
			buildPhases = (
				53057D111997B03F0082EC58 /* Sources */,
				53057D121997B03F0082EC58 /* Frameworks */,
				53057D131997B03F0082EC58 /* Resources */,
			);
			buildRules = (
			);
			dependencies = (
			);
			name = MensagemAlerta;
			productName = MensagemAlerta;
			productReference = 53057D151997B03F0082EC58 /* MensagemAlerta.app */;
			productType = "com.apple.product-type.application";
		};
		53057D291997B03F0082EC58 /* MensagemAlertaTests */ = {
			isa = PBXNativeTarget;
			buildConfigurationList = 53057D371997B03F0082EC58 /* Build configuration list for PBXNativeTarget "MensagemAlertaTests" */;
			buildPhases = (
				53057D261997B03F0082EC58 /* Sources */,
				53057D271997B03F0082EC58 /* Frameworks */,
				53057D281997B03F0082EC58 /* Resources */,
			);
			buildRules = (
			);
			dependencies = (
				53057D2C1997B03F0082EC58 /* PBXTargetDependency */,
			);
			name = MensagemAlertaTests;
			productName = MensagemAlertaTests;
			productReference = 53057D2A1997B03F0082EC58 /* MensagemAlertaTests.xctest */;
			productType = "com.apple.product-type.bundle.unit-test";
		};
/* End PBXNativeTarget section */

/* Begin PBXProject section */
		53057D0D1997B03F0082EC58 /* Project object */ = {
			isa = PBXProject;
			attributes = {
				LastUpgradeCheck = 0600;
				ORGANIZATIONNAME = MouseTela;
				TargetAttributes = {
					53057D141997B03F0082EC58 = {
						CreatedOnToolsVersion = 6.0;
					};
					53057D291997B03F0082EC58 = {
						CreatedOnToolsVersion = 6.0;
						TestTargetID = 53057D141997B03F0082EC58;
					};
				};
			};
			buildConfigurationList = 53057D101997B03F0082EC58 /* Build configuration list for PBXProject "MensagemAlerta" */;
			compatibilityVersion = "Xcode 3.2";
			developmentRegion = English;
			hasScannedForEncodings = 0;
			knownRegions = (
				en,
				Base,
			);
			mainGroup = 53057D0C1997B03F0082EC58;
			productRefGroup = 53057D161997B03F0082EC58 /* Products */;
			projectDirPath = "";
			projectRoot = "";
			targets = (
				53057D141997B03F0082EC58 /* MensagemAlerta */,
				53057D291997B03F0082EC58 /* MensagemAlertaTests */,
			);
		};
/* End PBXProject section */

/* Begin PBXResourcesBuildPhase section */
		53057D131997B03F0082EC58 /* Resources */ = {
			isa = PBXResourcesBuildPhase;
			buildActionMask = 2147483647;
			files = (
				53057D231997B03F0082EC58 /* Main.storyboard in Resources */,
				53057D251997B03F0082EC58 /* Images.xcassets in Resources */,
			);
			runOnlyForDeploymentPostprocessing = 0;
		};
		53057D281997B03F0082EC58 /* Resources */ = {
			isa = PBXResourcesBuildPhase;
			buildActionMask = 2147483647;
			files = (
			);
			runOnlyForDeploymentPostprocessing = 0;
		};
/* End PBXResourcesBuildPhase section */

/* Begin PBXSourcesBuildPhase section */
		53057D111997B03F0082EC58 /* Sources */ = {
			isa = PBXSourcesBuildPhase;
			buildActionMask = 2147483647;
			files = (
				53057D201997B03F0082EC58 /* ViewController.swift in Sources */,
				53057D1B1997B03F0082EC58 /* AppDelegate.swift in Sources */,
				53057D1E1997B03F0082EC58 /* MensagemAlerta.xcdatamodeld in Sources */,
			);
			runOnlyForDeploymentPostprocessing = 0;
		};
		53057D261997B03F0082EC58 /* Sources */ = {
			isa = PBXSourcesBuildPhase;
			buildActionMask = 2147483647;
			files = (
				53057D311997B03F0082EC58 /* MensagemAlertaTests.swift in Sources */,
			);
			runOnlyForDeploymentPostprocessing = 0;
		};
/* End PBXSourcesBuildPhase section */

/* Begin PBXTargetDependency section */
		53057D2C1997B03F0082EC58 /* PBXTargetDependency */ = {
			isa = PBXTargetDependency;
			target = 53057D141997B03F0082EC58 /* MensagemAlerta */;
			targetProxy = 53057D2B1997B03F0082EC58 /* PBXContainerItemProxy */;
		};
/* End PBXTargetDependency section */

/* Begin PBXVariantGroup section */
		53057D211997B03F0082EC58 /* Main.storyboard */ = {
			isa = PBXVariantGroup;
			children = (
				53057D221997B03F0082EC58 /* Base */,
			);
			name = Main.storyboard;
			sourceTree = "<group>";
		};
/* End PBXVariantGroup section */

/* Begin XCBuildConfiguration section */
		53057D321997B03F0082EC58 /* Debug */ = {
			isa = XCBuildConfiguration;
			buildSettings = {
				ALWAYS_SEARCH_USER_PATHS = NO;
				CLANG_CXX_LANGUAGE_STANDARD = "gnu++0x";
				CLANG_CXX_LIBRARY = "libc++";
				CLANG_ENABLE_MODULES = YES;
				CLANG_ENABLE_OBJC_ARC = YES;
				CLANG_WARN_BOOL_CONVERSION = YES;
				CLANG_WARN_CONSTANT_CONVERSION = YES;
				CLANG_WARN_DIRECT_OBJC_ISA_USAGE = YES_ERROR;
				CLANG_WARN_EMPTY_BODY = YES;
				CLANG_WARN_ENUM_CONVERSION = YES;
				CLANG_WARN_INT_CONVERSION = YES;
				CLANG_WARN_OBJC_ROOT_CLASS = YES_ERROR;
				CLANG_WARN_UNREACHABLE_CODE = YES;
				CLANG_WARN__DUPLICATE_METHOD_MATCH = YES;
				"CODE_SIGN_IDENTITY[sdk=iphoneos*]" = "iPhone Developer";
				COPY_PHASE_STRIP = NO;
				ENABLE_STRICT_OBJC_MSGSEND = YES;
				GCC_C_LANGUAGE_STANDARD = gnu99;
				GCC_DYNAMIC_NO_PIC = NO;
				GCC_OPTIMIZATION_LEVEL = 0;
				GCC_PREPROCESSOR_DEFINITIONS = (
					"DEBUG=1",
					"$(inherited)",
				);
				GCC_SYMBOLS_PRIVATE_EXTERN = NO;
				GCC_WARN_64_TO_32_BIT_CONVERSION = YES;
				GCC_WARN_ABOUT_RETURN_TYPE = YES_ERROR;
				GCC_WARN_UNDECLARED_SELECTOR = YES;
				GCC_WARN_UNINITIALIZED_AUTOS = YES_AGGRESSIVE;
				GCC_WARN_UNUSED_FUNCTION = YES;
				GCC_WARN_UNUSED_VARIABLE = YES;
				IPHONEOS_DEPLOYMENT_TARGET = 8.0;
				MTL_ENABLE_DEBUG_INFO = YES;
				ONLY_ACTIVE_ARCH = YES;
				SDKROOT = iphoneos;
				SWIFT_OPTIMIZATION_LEVEL = "-Onone";
			};
			name = Debug;
		};
		53057D331997B03F0082EC58 /* Release */ = {
			isa = XCBuildConfiguration;
			buildSettings = {
				ALWAYS_SEARCH_USER_PATHS = NO;
				CLANG_CXX_LANGUAGE_STANDARD = "gnu++0x";
				CLANG_CXX_LIBRARY = "libc++";
				CLANG_ENABLE_MODULES = YES;
				CLANG_ENABLE_OBJC_ARC = YES;
				CLANG_WARN_BOOL_CONVERSION = YES;
				CLANG_WARN_CONSTANT_CONVERSION = YES;
				CLANG_WARN_DIRECT_OBJC_ISA_USAGE = YES_ERROR;
				CLANG_WARN_EMPTY_BODY = YES;
				CLANG_WARN_ENUM_CONVERSION = YES;
				CLANG_WARN_INT_CONVERSION = YES;
				CLANG_WARN_OBJC_ROOT_CLASS = YES_ERROR;
				CLANG_WARN_UNREACHABLE_CODE = YES;
				CLANG_WARN__DUPLICATE_METHOD_MATCH = YES;
				"CODE_SIGN_IDENTITY[sdk=iphoneos*]" = "iPhone Developer";
				COPY_PHASE_STRIP = YES;
				ENABLE_NS_ASSERTIONS = NO;
				ENABLE_STRICT_OBJC_MSGSEND = YES;
				GCC_C_LANGUAGE_STANDARD = gnu99;
				GCC_WARN_64_TO_32_BIT_CONVERSION = YES;
				GCC_WARN_ABOUT_RETURN_TYPE = YES_ERROR;
				GCC_WARN_UNDECLARED_SELECTOR = YES;
				GCC_WARN_UNINITIALIZED_AUTOS = YES_AGGRESSIVE;
				GCC_WARN_UNUSED_FUNCTION = YES;
				GCC_WARN_UNUSED_VARIABLE = YES;
				IPHONEOS_DEPLOYMENT_TARGET = 8.0;
				MTL_ENABLE_DEBUG_INFO = NO;
				SDKROOT = iphoneos;
				VALIDATE_PRODUCT = YES;
			};
			name = Release;
		};
		53057D351997B03F0082EC58 /* Debug */ = {
			isa = XCBuildConfiguration;
			buildSettings = {
				ASSETCATALOG_COMPILER_APPICON_NAME = AppIcon;
				ASSETCATALOG_COMPILER_LAUNCHIMAGE_NAME = LaunchImage;
				INFOPLIST_FILE = MensagemAlerta/Info.plist;
				LD_RUNPATH_SEARCH_PATHS = "$(inherited) @executable_path/Frameworks";
				PRODUCT_NAME = "$(TARGET_NAME)";
			};
			name = Debug;
		};
		53057D361997B03F0082EC58 /* Release */ = {
			isa = XCBuildConfiguration;
			buildSettings = {
				ASSETCATALOG_COMPILER_APPICON_NAME = AppIcon;
				ASSETCATALOG_COMPILER_LAUNCHIMAGE_NAME = LaunchImage;
				INFOPLIST_FILE = MensagemAlerta/Info.plist;
				LD_RUNPATH_SEARCH_PATHS = "$(inherited) @executable_path/Frameworks";
				PRODUCT_NAME = "$(TARGET_NAME)";
			};
			name = Release;
		};
		53057D381997B03F0082EC58 /* Debug */ = {
			isa = XCBuildConfiguration;
			buildSettings = {
				BUNDLE_LOADER = "$(BUILT_PRODUCTS_DIR)/MensagemAlerta.app/MensagemAlerta";
				FRAMEWORK_SEARCH_PATHS = (
					"$(SDKROOT)/Developer/Library/Frameworks",
					"$(inherited)",
				);
				GCC_PREPROCESSOR_DEFINITIONS = (
					"DEBUG=1",
					"$(inherited)",
				);
				INFOPLIST_FILE = MensagemAlertaTests/Info.plist;
				LD_RUNPATH_SEARCH_PATHS = "$(inherited) @executable_path/Frameworks @loader_path/Frameworks";
				PRODUCT_NAME = "$(TARGET_NAME)";
				TEST_HOST = "$(BUNDLE_LOADER)";
			};
			name = Debug;
		};
		53057D391997B03F0082EC58 /* Release */ = {
			isa = XCBuildConfiguration;
			buildSettings = {
				BUNDLE_LOADER = "$(BUILT_PRODUCTS_DIR)/MensagemAlerta.app/MensagemAlerta";
				FRAMEWORK_SEARCH_PATHS = (
					"$(SDKROOT)/Developer/Library/Frameworks",
					"$(inherited)",
				);
				INFOPLIST_FILE = MensagemAlertaTests/Info.plist;
				LD_RUNPATH_SEARCH_PATHS = "$(inherited) @executable_path/Frameworks @loader_path/Frameworks";
				PRODUCT_NAME = "$(TARGET_NAME)";
				TEST_HOST = "$(BUNDLE_LOADER)";
			};
			name = Release;
		};
/* End XCBuildConfiguration section */

/* Begin XCConfigurationList section */
		53057D101997B03F0082EC58 /* Build configuration list for PBXProject "MensagemAlerta" */ = {
			isa = XCConfigurationList;
			buildConfigurations = (
				53057D321997B03F0082EC58 /* Debug */,
				53057D331997B03F0082EC58 /* Release */,
			);
			defaultConfigurationIsVisible = 0;
			defaultConfigurationName = Release;
		};
		53057D341997B03F0082EC58 /* Build configuration list for PBXNativeTarget "MensagemAlerta" */ = {
			isa = XCConfigurationList;
			buildConfigurations = (
				53057D351997B03F0082EC58 /* Debug */,
				53057D361997B03F0082EC58 /* Release */,
			);
			defaultConfigurationIsVisible = 0;
			defaultConfigurationName = Release;
		};
		53057D371997B03F0082EC58 /* Build configuration list for PBXNativeTarget "MensagemAlertaTests" */ = {
			isa = XCConfigurationList;
			buildConfigurations = (
				53057D381997B03F0082EC58 /* Debug */,
				53057D391997B03F0082EC58 /* Release */,
			);
			defaultConfigurationIsVisible = 0;
			defaultConfigurationName = Release;
		};
/* End XCConfigurationList section */

/* Begin XCVersionGroup section */
		53057D1C1997B03F0082EC58 /* MensagemAlerta.xcdatamodeld */ = {
			isa = XCVersionGroup;
			children = (
				53057D1D1997B03F0082EC58 /* MensagemAlerta.xcdatamodel */,
			);
			currentVersion = 53057D1D1997B03F0082EC58 /* MensagemAlerta.xcdatamodel */;
			path = MensagemAlerta.xcdatamodeld;
			sourceTree = "<group>";
			versionGroupType = wrapper.xcdatamodel;
		};
/* End XCVersionGroup section */
	};
	rootObject = 53057D0D1997B03F0082EC58 /* Project object */;
}
